lockfileVersion: '9.0'

settings:
  autoInstallPeers: true
  excludeLinksFromLockfile: false

importers:

  .:
    dependencies:
      cdt2d:
        specifier: ^1.0.0
        version: 1.0.0

packages:

  binary-search-bounds@2.0.5:
    resolution: {integrity: sha512-H0ea4Fd3lS1+sTEB2TgcLoK21lLhwEJzlQv3IN47pJS976Gx4zoWe0ak3q+uYh60ppQxg9F16Ri4tS1sfD4+jA==}

  cdt2d@1.0.0:
    resolution: {integrity: sha512-pFKb7gVhpsI6onS5HUXRoqbBIJB4CJ+KPk8kgaIVcm0zFgOxIyBT5vzifZ4j1aoGVJS0U1A+S4oFDshuLAitlA==}

  robust-in-sphere@1.2.1:
    resolution: {integrity: sha512-3zJdcMIOP1gdwux93MKTS0RiMYEGwQBoE5R1IW/9ZQmGeZzP7f7i4+xdcK8ujJvF/dEOS1WPuI9IB1WNFbj3Cg==}

  robust-orientation@1.2.1:
    resolution: {integrity: sha512-FuTptgKwY6iNuU15nrIJDLjXzCChWB+T4AvksRtwPS/WZ3HuP1CElCm1t+OBfgQKfWbtZIawip+61k7+buRKAg==}

  robust-scale@1.0.2:
    resolution: {integrity: sha512-jBR91a/vomMAzazwpsPTPeuTPPmWBacwA+WYGNKcRGSh6xweuQ2ZbjRZ4v792/bZOhRKXRiQH0F48AvuajY0tQ==}

  robust-subtract@1.0.0:
    resolution: {integrity: sha512-xhKUno+Rl+trmxAIVwjQMiVdpF5llxytozXJOdoT4eTIqmqsndQqFb1A0oiW3sZGlhMRhOi6pAD4MF1YYW6o/A==}

  robust-sum@1.0.0:
    resolution: {integrity: sha512-AvLExwpaqUqD1uwLU6MwzzfRdaI6VEZsyvQ3IAQ0ZJ08v1H+DTyqskrf2ZJyh0BDduFVLN7H04Zmc+qTiahhAw==}

  two-product@1.0.2:
    resolution: {integrity: sha512-vOyrqmeYvzjToVM08iU52OFocWT6eB/I5LUWYnxeAPGXAhAxXYU/Yr/R2uY5/5n4bvJQL9AQulIuxpIsMoT8XQ==}

  two-sum@1.0.0:
    resolution: {integrity: sha512-phP48e8AawgsNUjEY2WvoIWqdie8PoiDZGxTDv70LDr01uX5wLEQbOgSP7Z/B6+SW5oLtbe8qaYX2fKJs3CGTw==}

snapshots:

  binary-search-bounds@2.0.5: {}

  cdt2d@1.0.0:
    dependencies:
      binary-search-bounds: 2.0.5
      robust-in-sphere: 1.2.1
      robust-orientation: 1.2.1

  robust-in-sphere@1.2.1:
    dependencies:
      robust-scale: 1.0.2
      robust-subtract: 1.0.0
      robust-sum: 1.0.0
      two-product: 1.0.2

  robust-orientation@1.2.1:
    dependencies:
      robust-scale: 1.0.2
      robust-subtract: 1.0.0
      robust-sum: 1.0.0
      two-product: 1.0.2

  robust-scale@1.0.2:
    dependencies:
      two-product: 1.0.2
      two-sum: 1.0.0

  robust-subtract@1.0.0: {}

  robust-sum@1.0.0: {}

  two-product@1.0.2: {}

  two-sum@1.0.0: {}
